
Microsoft Visual Studio Solution File, Format Version 12.00
# Visual Studio Version 16
VisualStudioVersion = 16.0.31702.278
MinimumVisualStudioVersion = 10.0.40219.1
Project("{9A19103F-16F7-4668-BE54-9A1E7A4F7556}") = "Exercise 3 MS Test", "Exercise 3 MS Test\Exercise 3 MS Test.csproj", "{C86F975B-BEC3-4B50-9163-9DBD3F8E872D}"
EndProject
Global
	GlobalSection(SolutionConfigurationPlatforms) = preSolution
		Debug|Any CPU = Debug|Any CPU
		Release|Any CPU = Release|Any CPU
	EndGlobalSection
	GlobalSection(ProjectConfigurationPlatforms) = postSolution
		{C86F975B-BEC3-4B50-9163-9DBD3F8E872D}.Debug|Any CPU.ActiveCfg = Debug|Any CPU
		{C86F975B-BEC3-4B50-9163-9DBD3F8E872D}.Debug|Any CPU.Build.0 = Debug|Any CPU
		{C86F975B-BEC3-4B50-9163-9DBD3F8E872D}.Release|Any CPU.ActiveCfg = Release|Any CPU
		{C86F975B-BEC3-4B50-9163-9DBD3F8E872D}.Release|Any CPU.Build.0 = Release|Any CPU
	EndGlobalSection
	GlobalSection(SolutionProperties) = preSolution
		HideSolutionNode = FALSE
	EndGlobalSection
	GlobalSection(ExtensibilityGlobals) = postSolution
		SolutionGuid = {2074E514-ABBB-4B1E-9BEC-070EADB56363}
	EndGlobalSection
EndGlobal
