
Microsoft Visual Studio Solution File, Format Version 12.00
# Visual Studio Version 16
VisualStudioVersion = 16.0.31702.278
MinimumVisualStudioVersion = 10.0.40219.1
Project("{FAE04EC0-301F-11D3-BF4B-00C04F79EFBC}") = "Exercise MsTest", "Exercise MsTest\Exercise MsTest.csproj", "{69DF1F94-E767-4654-A7D6-B2D7E91EAC20}"
EndProject
Global
	GlobalSection(SolutionConfigurationPlatforms) = preSolution
		Debug|Any CPU = Debug|Any CPU
		Release|Any CPU = Release|Any CPU
	EndGlobalSection
	GlobalSection(ProjectConfigurationPlatforms) = postSolution
		{69DF1F94-E767-4654-A7D6-B2D7E91EAC20}.Debug|Any CPU.ActiveCfg = Debug|Any CPU
		{69DF1F94-E767-4654-A7D6-B2D7E91EAC20}.Debug|Any CPU.Build.0 = Debug|Any CPU
		{69DF1F94-E767-4654-A7D6-B2D7E91EAC20}.Release|Any CPU.ActiveCfg = Release|Any CPU
		{69DF1F94-E767-4654-A7D6-B2D7E91EAC20}.Release|Any CPU.Build.0 = Release|Any CPU
	EndGlobalSection
	GlobalSection(SolutionProperties) = preSolution
		HideSolutionNode = FALSE
	EndGlobalSection
	GlobalSection(ExtensibilityGlobals) = postSolution
		SolutionGuid = {33A3E2E8-41EA-4421-ACA5-4C7B899E42B5}
	EndGlobalSection
EndGlobal
